
Microsoft Visual Studio Solution File, Format Version 11.00
# Visual Studio 2010
Project("{FAE04EC0-301F-11D3-BF4B-00C04F79EFBC}") = "Assembly-CSharp", "Assembly-CSharp.csproj", "{472e6da9-1c27-7ee7-397b-536b8bbd4fc1}"
EndProject
Project("{FAE04EC0-301F-11D3-BF4B-00C04F79EFBC}") = "Assembly-CSharp-firstpass", "Assembly-CSharp-firstpass.csproj", "{324bdd8f-6f96-6d64-0f53-c5cc28f3b965}"
EndProject
Project("{FAE04EC0-301F-11D3-BF4B-00C04F79EFBC}") = "Assembly-CSharp-Editor", "Assembly-CSharp-Editor.csproj", "{85075409-62ed-bd3c-7a69-98f91fa25163}"
EndProject
Global
	GlobalSection(SolutionConfigurationPlatforms) = preSolution
		Debug|Any CPU = Debug|Any CPU
		Release|Any CPU = Release|Any CPU
	EndGlobalSection
	GlobalSection(ProjectConfigurationPlatforms) = postSolution
		{472e6da9-1c27-7ee7-397b-536b8bbd4fc1}.Debug|Any CPU.ActiveCfg = Debug|Any CPU
		{472e6da9-1c27-7ee7-397b-536b8bbd4fc1}.Debug|Any CPU.Build.0 = Debug|Any CPU
		{472e6da9-1c27-7ee7-397b-536b8bbd4fc1}.Release|Any CPU.ActiveCfg = Release|Any CPU
		{472e6da9-1c27-7ee7-397b-536b8bbd4fc1}.Release|Any CPU.Build.0 = Release|Any CPU
		{324bdd8f-6f96-6d64-0f53-c5cc28f3b965}.Debug|Any CPU.ActiveCfg = Debug|Any CPU
		{324bdd8f-6f96-6d64-0f53-c5cc28f3b965}.Debug|Any CPU.Build.0 = Debug|Any CPU
		{324bdd8f-6f96-6d64-0f53-c5cc28f3b965}.Release|Any CPU.ActiveCfg = Release|Any CPU
		{324bdd8f-6f96-6d64-0f53-c5cc28f3b965}.Release|Any CPU.Build.0 = Release|Any CPU
		{85075409-62ed-bd3c-7a69-98f91fa25163}.Debug|Any CPU.ActiveCfg = Debug|Any CPU
		{85075409-62ed-bd3c-7a69-98f91fa25163}.Debug|Any CPU.Build.0 = Debug|Any CPU
		{85075409-62ed-bd3c-7a69-98f91fa25163}.Release|Any CPU.ActiveCfg = Release|Any CPU
		{85075409-62ed-bd3c-7a69-98f91fa25163}.Release|Any CPU.Build.0 = Release|Any CPU
	EndGlobalSection
	GlobalSection(SolutionProperties) = preSolution
		HideSolutionNode = FALSE
	EndGlobalSection
EndGlobal
